// !$*UTF8*$!
{
	archiveVersion = 1;
	classes = {
	};
	objectVersion = 46;
	objects = {

/* Begin PBXBuildFile section */
		6B19ACCD1B9BE3AD00908A6A /* AppDelegate.swift in Sources */ = {isa = PBXBuildFile; fileRef = 6B19ACCC1B9BE3AD00908A6A /* AppDelegate.swift */; };
		6B19ACD01B9BE3AD00908A6A /* GroceryUIPickerCoreData.xcdatamodeld in Sources */ = {isa = PBXBuildFile; fileRef = 6B19ACCE1B9BE3AD00908A6A /* GroceryUIPickerCoreData.xcdatamodeld */; };
		6B19ACD21B9BE3AD00908A6A /* ViewController.swift in Sources */ = {isa = PBXBuildFile; fileRef = 6B19ACD11B9BE3AD00908A6A /* ViewController.swift */; };
		6B19ACD51B9BE3AD00908A6A /* Main.storyboard in Resources */ = {isa = PBXBuildFile; fileRef = 6B19ACD31B9BE3AD00908A6A /* Main.storyboard */; };
		6B19ACD71B9BE3AD00908A6A /* Images.xcassets in Resources */ = {isa = PBXBuildFile; fileRef = 6B19ACD61B9BE3AD00908A6A /* Images.xcassets */; };
		6B19ACDA1B9BE3AD00908A6A /* LaunchScreen.xib in Resources */ = {isa = PBXBuildFile; fileRef = 6B19ACD81B9BE3AD00908A6A /* LaunchScreen.xib */; };
		6B19ACE61B9BE3AD00908A6A /* GroceryUIPickerCoreDataTests.swift in Sources */ = {isa = PBXBuildFile; fileRef = 6B19ACE51B9BE3AD00908A6A /* GroceryUIPickerCoreDataTests.swift */; };
/* End PBXBuildFile section */

/* Begin PBXContainerItemProxy section */
		6B19ACE01B9BE3AD00908A6A /* PBXContainerItemProxy */ = {
			isa = PBXContainerItemProxy;
			containerPortal = 6B19ACBF1B9BE3AD00908A6A /* Project object */;
			proxyType = 1;
			remoteGlobalIDString = 6B19ACC61B9BE3AD00908A6A;
			remoteInfo = GroceryUIPickerCoreData;
		};
/* End PBXContainerItemProxy section */

/* Begin PBXFileReference section */
		6B19ACC71B9BE3AD00908A6A /* GroceryUIPickerCoreData.app */ = {isa = PBXFileReference; explicitFileType = wrapper.application; includeInIndex = 0; path = GroceryUIPickerCoreData.app; sourceTree = BUILT_PRODUCTS_DIR; };
		6B19ACCB1B9BE3AD00908A6A /* Info.plist */ = {isa = PBXFileReference; lastKnownFileType = text.plist.xml; path = Info.plist; sourceTree = "<group>"; };
		6B19ACCC1B9BE3AD00908A6A /* AppDelegate.swift */ = {isa = PBXFileReference; lastKnownFileType = sourcecode.swift; path = AppDelegate.swift; sourceTree = "<group>"; };
		6B19ACCF1B9BE3AD00908A6A /* GroceryUIPickerCoreData.xcdatamodel */ = {isa = PBXFileReference; lastKnownFileType = wrapper.xcdatamodel; path = GroceryUIPickerCoreData.xcdatamodel; sourceTree = "<group>"; };
		6B19ACD11B9BE3AD00908A6A /* ViewController.swift */ = {isa = PBXFileReference; lastKnownFileType = sourcecode.swift; path = ViewController.swift; sourceTree = "<group>"; };
		6B19ACD41B9BE3AD00908A6A /* Base */ = {isa = PBXFileReference; lastKnownFileType = file.storyboard; name = Base; path = Base.lproj/Main.storyboard; sourceTree = "<group>"; };
		6B19ACD61B9BE3AD00908A6A /* Images.xcassets */ = {isa = PBXFileReference; lastKnownFileType = folder.assetcatalog; path = Images.xcassets; sourceTree = "<group>"; };
		6B19ACD91B9BE3AD00908A6A /* Base */ = {isa = PBXFileReference; lastKnownFileType = file.xib; name = Base; path = Base.lproj/LaunchScreen.xib; sourceTree = "<group>"; };
		6B19ACDF1B9BE3AD00908A6A /* GroceryUIPickerCoreDataTests.xctest */ = {isa = PBXFileReference; explicitFileType = wrapper.cfbundle; includeInIndex = 0; path = GroceryUIPickerCoreDataTests.xctest; sourceTree = BUILT_PRODUCTS_DIR; };
		6B19ACE41B9BE3AD00908A6A /* Info.plist */ = {isa = PBXFileReference; lastKnownFileType = text.plist.xml; path = Info.plist; sourceTree = "<group>"; };
		6B19ACE51B9BE3AD00908A6A /* GroceryUIPickerCoreDataTests.swift */ = {isa = PBXFileReference; lastKnownFileType = sourcecode.swift; path = GroceryUIPickerCoreDataTests.swift; sourceTree = "<group>"; };
/* End PBXFileReference section */

/* Begin PBXFrameworksBuildPhase section */
		6B19ACC41B9BE3AD00908A6A /* Frameworks */ = {
			isa = PBXFrameworksBuildPhase;
			buildActionMask = 2147483647;
			files = (
			);
			runOnlyForDeploymentPostprocessing = 0;
		};
		6B19ACDC1B9BE3AD00908A6A /* Frameworks */ = {
			isa = PBXFrameworksBuildPhase;
			buildActionMask = 2147483647;
			files = (
			);
			runOnlyForDeploymentPostprocessing = 0;
		};
/* End PBXFrameworksBuildPhase section */

/* Begin PBXGroup section */
		6B19ACBE1B9BE3AD00908A6A = {
			isa = PBXGroup;
			children = (
				6B19ACC91B9BE3AD00908A6A /* GroceryUIPickerCoreData */,
				6B19ACE21B9BE3AD00908A6A /* GroceryUIPickerCoreDataTests */,
				6B19ACC81B9BE3AD00908A6A /* Products */,
			);
			sourceTree = "<group>";
		};
		6B19ACC81B9BE3AD00908A6A /* Products */ = {
			isa = PBXGroup;
			children = (
				6B19ACC71B9BE3AD00908A6A /* GroceryUIPickerCoreData.app */,
				6B19ACDF1B9BE3AD00908A6A /* GroceryUIPickerCoreDataTests.xctest */,
			);
			name = Products;
			sourceTree = "<group>";
		};
		6B19ACC91B9BE3AD00908A6A /* GroceryUIPickerCoreData */ = {
			isa = PBXGroup;
			children = (
				6B19ACCC1B9BE3AD00908A6A /* AppDelegate.swift */,
				6B19ACD11B9BE3AD00908A6A /* ViewController.swift */,
				6B19ACD31B9BE3AD00908A6A /* Main.storyboard */,
				6B19ACD61B9BE3AD00908A6A /* Images.xcassets */,
				6B19ACD81B9BE3AD00908A6A /* LaunchScreen.xib */,
				6B19ACCE1B9BE3AD00908A6A /* GroceryUIPickerCoreData.xcdatamodeld */,
				6B19ACCA1B9BE3AD00908A6A /* Supporting Files */,
			);
			path = GroceryUIPickerCoreData;
			sourceTree = "<group>";
		};
		6B19ACCA1B9BE3AD00908A6A /* Supporting Files */ = {
			isa = PBXGroup;
			children = (
				6B19ACCB1B9BE3AD00908A6A /* Info.plist */,
			);
			name = "Supporting Files";
			sourceTree = "<group>";
		};
		6B19ACE21B9BE3AD00908A6A /* GroceryUIPickerCoreDataTests */ = {
			isa = PBXGroup;
			children = (
				6B19ACE51B9BE3AD00908A6A /* GroceryUIPickerCoreDataTests.swift */,
				6B19ACE31B9BE3AD00908A6A /* Supporting Files */,
			);
			path = GroceryUIPickerCoreDataTests;
			sourceTree = "<group>";
		};
		6B19ACE31B9BE3AD00908A6A /* Supporting Files */ = {
			isa = PBXGroup;
			children = (
				6B19ACE41B9BE3AD00908A6A /* Info.plist */,
			);
			name = "Supporting Files";
			sourceTree = "<group>";
		};
/* End PBXGroup section */

/* Begin PBXNativeTarget section */
		6B19ACC61B9BE3AD00908A6A /* GroceryUIPickerCoreData */ = {
			isa = PBXNativeTarget;
			buildConfigurationList = 6B19ACE91B9BE3AD00908A6A /* Build configuration list for PBXNativeTarget "GroceryUIPickerCoreData" */;
			buildPhases = (
				6B19ACC31B9BE3AD00908A6A /* Sources */,
				6B19ACC41B9BE3AD00908A6A /* Frameworks */,
				6B19ACC51B9BE3AD00908A6A /* Resources */,
			);
			buildRules = (
			);
			dependencies = (
			);
			name = GroceryUIPickerCoreData;
			productName = GroceryUIPickerCoreData;
			productReference = 6B19ACC71B9BE3AD00908A6A /* GroceryUIPickerCoreData.app */;
			productType = "com.apple.product-type.application";
		};
		6B19ACDE1B9BE3AD00908A6A /* GroceryUIPickerCoreDataTests */ = {
			isa = PBXNativeTarget;
			buildConfigurationList = 6B19ACEC1B9BE3AD00908A6A /* Build configuration list for PBXNativeTarget "GroceryUIPickerCoreDataTests" */;
			buildPhases = (
				6B19ACDB1B9BE3AD00908A6A /* Sources */,
				6B19ACDC1B9BE3AD00908A6A /* Frameworks */,
				6B19ACDD1B9BE3AD00908A6A /* Resources */,
			);
			buildRules = (
			);
			dependencies = (
				6B19ACE11B9BE3AD00908A6A /* PBXTargetDependency */,
			);
			name = GroceryUIPickerCoreDataTests;
			productName = GroceryUIPickerCoreDataTests;
			productReference = 6B19ACDF1B9BE3AD00908A6A /* GroceryUIPickerCoreDataTests.xctest */;
			productType = "com.apple.product-type.bundle.unit-test";
		};
/* End PBXNativeTarget section */

/* Begin PBXProject section */
		6B19ACBF1B9BE3AD00908A6A /* Project object */ = {
			isa = PBXProject;
			attributes = {
				LastUpgradeCheck = 0640;
				ORGANIZATIONNAME = io.webplatform.swift;
				TargetAttributes = {
					6B19ACC61B9BE3AD00908A6A = {
						CreatedOnToolsVersion = 6.4;
					};
					6B19ACDE1B9BE3AD00908A6A = {
						CreatedOnToolsVersion = 6.4;
						TestTargetID = 6B19ACC61B9BE3AD00908A6A;
					};
				};
			};
			buildConfigurationList = 6B19ACC21B9BE3AD00908A6A /* Build configuration list for PBXProject "GroceryUIPickerCoreData" */;
			compatibilityVersion = "Xcode 3.2";
			developmentRegion = English;
			hasScannedForEncodings = 0;
			knownRegions = (
				en,
				Base,
			);
			mainGroup = 6B19ACBE1B9BE3AD00908A6A;
			productRefGroup = 6B19ACC81B9BE3AD00908A6A /* Products */;
			projectDirPath = "";
			projectRoot = "";
			targets = (
				6B19ACC61B9BE3AD00908A6A /* GroceryUIPickerCoreData */,
				6B19ACDE1B9BE3AD00908A6A /* GroceryUIPickerCoreDataTests */,
			);
		};
/* End PBXProject section */

/* Begin PBXResourcesBuildPhase section */
		6B19ACC51B9BE3AD00908A6A /* Resources */ = {
			isa = PBXResourcesBuildPhase;
			buildActionMask = 2147483647;
			files = (
				6B19ACD51B9BE3AD00908A6A /* Main.storyboard in Resources */,
				6B19ACDA1B9BE3AD00908A6A /* LaunchScreen.xib in Resources */,
				6B19ACD71B9BE3AD00908A6A /* Images.xcassets in Resources */,
			);
			runOnlyForDeploymentPostprocessing = 0;
		};
		6B19ACDD1B9BE3AD00908A6A /* Resources */ = {
			isa = PBXResourcesBuildPhase;
			buildActionMask = 2147483647;
			files = (
			);
			runOnlyForDeploymentPostprocessing = 0;
		};
/* End PBXResourcesBuildPhase section */

/* Begin PBXSourcesBuildPhase section */
		6B19ACC31B9BE3AD00908A6A /* Sources */ = {
			isa = PBXSourcesBuildPhase;
			buildActionMask = 2147483647;
			files = (
				6B19ACD21B9BE3AD00908A6A /* ViewController.swift in Sources */,
				6B19ACD01B9BE3AD00908A6A /* GroceryUIPickerCoreData.xcdatamodeld in Sources */,
				6B19ACCD1B9BE3AD00908A6A /* AppDelegate.swift in Sources */,
			);
			runOnlyForDeploymentPostprocessing = 0;
		};
		6B19ACDB1B9BE3AD00908A6A /* Sources */ = {
			isa = PBXSourcesBuildPhase;
			buildActionMask = 2147483647;
			files = (
				6B19ACE61B9BE3AD00908A6A /* GroceryUIPickerCoreDataTests.swift in Sources */,
			);
			runOnlyForDeploymentPostprocessing = 0;
		};
/* End PBXSourcesBuildPhase section */

/* Begin PBXTargetDependency section */
		6B19ACE11B9BE3AD00908A6A /* PBXTargetDependency */ = {
			isa = PBXTargetDependency;
			target = 6B19ACC61B9BE3AD00908A6A /* GroceryUIPickerCoreData */;
			targetProxy = 6B19ACE01B9BE3AD00908A6A /* PBXContainerItemProxy */;
		};
/* End PBXTargetDependency section */

/* Begin PBXVariantGroup section */
		6B19ACD31B9BE3AD00908A6A /* Main.storyboard */ = {
			isa = PBXVariantGroup;
			children = (
				6B19ACD41B9BE3AD00908A6A /* Base */,
			);
			name = Main.storyboard;
			sourceTree = "<group>";
		};
		6B19ACD81B9BE3AD00908A6A /* LaunchScreen.xib */ = {
			isa = PBXVariantGroup;
			children = (
				6B19ACD91B9BE3AD00908A6A /* Base */,
			);
			name = LaunchScreen.xib;
			sourceTree = "<group>";
		};
/* End PBXVariantGroup section */

/* Begin XCBuildConfiguration section */
		6B19ACE71B9BE3AD00908A6A /* Debug */ = {
			isa = XCBuildConfiguration;
			buildSettings = {
				ALWAYS_SEARCH_USER_PATHS = NO;
				CLANG_CXX_LANGUAGE_STANDARD = "gnu++0x";
				CLANG_CXX_LIBRARY = "libc++";
				CLANG_ENABLE_MODULES = YES;
				CLANG_ENABLE_OBJC_ARC = YES;
				CLANG_WARN_BOOL_CONVERSION = YES;
				CLANG_WARN_CONSTANT_CONVERSION = YES;
				CLANG_WARN_DIRECT_OBJC_ISA_USAGE = YES_ERROR;
				CLANG_WARN_EMPTY_BODY = YES;
				CLANG_WARN_ENUM_CONVERSION = YES;
				CLANG_WARN_INT_CONVERSION = YES;
				CLANG_WARN_OBJC_ROOT_CLASS = YES_ERROR;
				CLANG_WARN_UNREACHABLE_CODE = YES;
				CLANG_WARN__DUPLICATE_METHOD_MATCH = YES;
				"CODE_SIGN_IDENTITY[sdk=iphoneos*]" = "iPhone Developer";
				COPY_PHASE_STRIP = NO;
				DEBUG_INFORMATION_FORMAT = "dwarf-with-dsym";
				ENABLE_STRICT_OBJC_MSGSEND = YES;
				GCC_C_LANGUAGE_STANDARD = gnu99;
				GCC_DYNAMIC_NO_PIC = NO;
				GCC_NO_COMMON_BLOCKS = YES;
				GCC_OPTIMIZATION_LEVEL = 0;
				GCC_PREPROCESSOR_DEFINITIONS = (
					"DEBUG=1",
					"$(inherited)",
				);
				GCC_SYMBOLS_PRIVATE_EXTERN = NO;
				GCC_WARN_64_TO_32_BIT_CONVERSION = YES;
				GCC_WARN_ABOUT_RETURN_TYPE = YES_ERROR;
				GCC_WARN_UNDECLARED_SELECTOR = YES;
				GCC_WARN_UNINITIALIZED_AUTOS = YES_AGGRESSIVE;
				GCC_WARN_UNUSED_FUNCTION = YES;
				GCC_WARN_UNUSED_VARIABLE = YES;
				IPHONEOS_DEPLOYMENT_TARGET = 8.4;
				MTL_ENABLE_DEBUG_INFO = YES;
				ONLY_ACTIVE_ARCH = YES;
				SDKROOT = iphoneos;
				SWIFT_OPTIMIZATION_LEVEL = "-Onone";
				TARGETED_DEVICE_FAMILY = "1,2";
			};
			name = Debug;
		};
		6B19ACE81B9BE3AD00908A6A /* Release */ = {
			isa = XCBuildConfiguration;
			buildSettings = {
				ALWAYS_SEARCH_USER_PATHS = NO;
				CLANG_CXX_LANGUAGE_STANDARD = "gnu++0x";
				CLANG_CXX_LIBRARY = "libc++";
				CLANG_ENABLE_MODULES = YES;
				CLANG_ENABLE_OBJC_ARC = YES;
				CLANG_WARN_BOOL_CONVERSION = YES;
				CLANG_WARN_CONSTANT_CONVERSION = YES;
				CLANG_WARN_DIRECT_OBJC_ISA_USAGE = YES_ERROR;
				CLANG_WARN_EMPTY_BODY = YES;
				CLANG_WARN_ENUM_CONVERSION = YES;
				CLANG_WARN_INT_CONVERSION = YES;
				CLANG_WARN_OBJC_ROOT_CLASS = YES_ERROR;
				CLANG_WARN_UNREACHABLE_CODE = YES;
				CLANG_WARN__DUPLICATE_METHOD_MATCH = YES;
				"CODE_SIGN_IDENTITY[sdk=iphoneos*]" = "iPhone Developer";
				COPY_PHASE_STRIP = NO;
				DEBUG_INFORMATION_FORMAT = "dwarf-with-dsym";
				ENABLE_NS_ASSERTIONS = NO;
				ENABLE_STRICT_OBJC_MSGSEND = YES;
				GCC_C_LANGUAGE_STANDARD = gnu99;
				GCC_NO_COMMON_BLOCKS = YES;
				GCC_WARN_64_TO_32_BIT_CONVERSION = YES;
				GCC_WARN_ABOUT_RETURN_TYPE = YES_ERROR;
				GCC_WARN_UNDECLARED_SELECTOR = YES;
				GCC_WARN_UNINITIALIZED_AUTOS = YES_AGGRESSIVE;
				GCC_WARN_UNUSED_FUNCTION = YES;
				GCC_WARN_UNUSED_VARIABLE = YES;
				IPHONEOS_DEPLOYMENT_TARGET = 8.4;
				MTL_ENABLE_DEBUG_INFO = NO;
				SDKROOT = iphoneos;
				TARGETED_DEVICE_FAMILY = "1,2";
				VALIDATE_PRODUCT = YES;
			};
			name = Release;
		};
		6B19ACEA1B9BE3AD00908A6A /* Debug */ = {
			isa = XCBuildConfiguration;
			buildSettings = {
				ASSETCATALOG_COMPILER_APPICON_NAME = AppIcon;
				INFOPLIST_FILE = GroceryUIPickerCoreData/Info.plist;
				LD_RUNPATH_SEARCH_PATHS = "$(inherited) @executable_path/Frameworks";
				PRODUCT_NAME = "$(TARGET_NAME)";
			};
			name = Debug;
		};
		6B19ACEB1B9BE3AD00908A6A /* Release */ = {
			isa = XCBuildConfiguration;
			buildSettings = {
				ASSETCATALOG_COMPILER_APPICON_NAME = AppIcon;
				INFOPLIST_FILE = GroceryUIPickerCoreData/Info.plist;
				LD_RUNPATH_SEARCH_PATHS = "$(inherited) @executable_path/Frameworks";
				PRODUCT_NAME = "$(TARGET_NAME)";
			};
			name = Release;
		};
		6B19ACED1B9BE3AD00908A6A /* Debug */ = {
			isa = XCBuildConfiguration;
			buildSettings = {
				BUNDLE_LOADER = "$(TEST_HOST)";
				FRAMEWORK_SEARCH_PATHS = (
					"$(SDKROOT)/Developer/Library/Frameworks",
					"$(inherited)",
				);
				GCC_PREPROCESSOR_DEFINITIONS = (
					"DEBUG=1",
					"$(inherited)",
				);
				INFOPLIST_FILE = GroceryUIPickerCoreDataTests/Info.plist;
				LD_RUNPATH_SEARCH_PATHS = "$(inherited) @executable_path/Frameworks @loader_path/Frameworks";
				PRODUCT_NAME = "$(TARGET_NAME)";
				TEST_HOST = "$(BUILT_PRODUCTS_DIR)/GroceryUIPickerCoreData.app/GroceryUIPickerCoreData";
			};
			name = Debug;
		};
		6B19ACEE1B9BE3AD00908A6A /* Release */ = {
			isa = XCBuildConfiguration;
			buildSettings = {
				BUNDLE_LOADER = "$(TEST_HOST)";
				FRAMEWORK_SEARCH_PATHS = (
					"$(SDKROOT)/Developer/Library/Frameworks",
					"$(inherited)",
				);
				INFOPLIST_FILE = GroceryUIPickerCoreDataTests/Info.plist;
				LD_RUNPATH_SEARCH_PATHS = "$(inherited) @executable_path/Frameworks @loader_path/Frameworks";
				PRODUCT_NAME = "$(TARGET_NAME)";
				TEST_HOST = "$(BUILT_PRODUCTS_DIR)/GroceryUIPickerCoreData.app/GroceryUIPickerCoreData";
			};
			name = Release;
		};
/* End XCBuildConfiguration section */

/* Begin XCConfigurationList section */
		6B19ACC21B9BE3AD00908A6A /* Build configuration list for PBXProject "GroceryUIPickerCoreData" */ = {
			isa = XCConfigurationList;
			buildConfigurations = (
				6B19ACE71B9BE3AD00908A6A /* Debug */,
				6B19ACE81B9BE3AD00908A6A /* Release */,
			);
			defaultConfigurationIsVisible = 0;
			defaultConfigurationName = Release;
		};
		6B19ACE91B9BE3AD00908A6A /* Build configuration list for PBXNativeTarget "GroceryUIPickerCoreData" */ = {
			isa = XCConfigurationList;
			buildConfigurations = (
				6B19ACEA1B9BE3AD00908A6A /* Debug */,
				6B19ACEB1B9BE3AD00908A6A /* Release */,
			);
			defaultConfigurationIsVisible = 0;
		};
		6B19ACEC1B9BE3AD00908A6A /* Build configuration list for PBXNativeTarget "GroceryUIPickerCoreDataTests" */ = {
			isa = XCConfigurationList;
			buildConfigurations = (
				6B19ACED1B9BE3AD00908A6A /* Debug */,
				6B19ACEE1B9BE3AD00908A6A /* Release */,
			);
			defaultConfigurationIsVisible = 0;
		};
/* End XCConfigurationList section */

/* Begin XCVersionGroup section */
		6B19ACCE1B9BE3AD00908A6A /* GroceryUIPickerCoreData.xcdatamodeld */ = {
			isa = XCVersionGroup;
			children = (
				6B19ACCF1B9BE3AD00908A6A /* GroceryUIPickerCoreData.xcdatamodel */,
			);
			currentVersion = 6B19ACCF1B9BE3AD00908A6A /* GroceryUIPickerCoreData.xcdatamodel */;
			path = GroceryUIPickerCoreData.xcdatamodeld;
			sourceTree = "<group>";
			versionGroupType = wrapper.xcdatamodel;
		};
/* End XCVersionGroup section */
	};
	rootObject = 6B19ACBF1B9BE3AD00908A6A /* Project object */;
}
