// !$*UTF8*$!
{
	archiveVersion = 1;
	classes = {
	};
	objectVersion = 46;
	objects = {

/* Begin PBXBuildFile section */
		6B41D5A51BF6E7C200D9E2D4 /* AppDelegate.swift in Sources */ = {isa = PBXBuildFile; fileRef = 6B41D5A41BF6E7C200D9E2D4 /* AppDelegate.swift */; };
		6B41D5AA1BF6E7C200D9E2D4 /* Main.storyboard in Resources */ = {isa = PBXBuildFile; fileRef = 6B41D5A81BF6E7C200D9E2D4 /* Main.storyboard */; };
		6B41D5AD1BF6E7C200D9E2D4 /* GroceryDataImages.xcdatamodeld in Sources */ = {isa = PBXBuildFile; fileRef = 6B41D5AB1BF6E7C200D9E2D4 /* GroceryDataImages.xcdatamodeld */; };
		6B41D5AF1BF6E7C200D9E2D4 /* Assets.xcassets in Resources */ = {isa = PBXBuildFile; fileRef = 6B41D5AE1BF6E7C200D9E2D4 /* Assets.xcassets */; };
		6B41D5B21BF6E7C200D9E2D4 /* LaunchScreen.storyboard in Resources */ = {isa = PBXBuildFile; fileRef = 6B41D5B01BF6E7C200D9E2D4 /* LaunchScreen.storyboard */; };
		6B41D5BD1BF6E7C200D9E2D4 /* GroceryDataImagesTests.swift in Sources */ = {isa = PBXBuildFile; fileRef = 6B41D5BC1BF6E7C200D9E2D4 /* GroceryDataImagesTests.swift */; };
		6B41D5C81BF6E7C200D9E2D4 /* GroceryDataImagesUITests.swift in Sources */ = {isa = PBXBuildFile; fileRef = 6B41D5C71BF6E7C200D9E2D4 /* GroceryDataImagesUITests.swift */; };
		6B41D5D61BF6EA4500D9E2D4 /* MainTableViewController.swift in Sources */ = {isa = PBXBuildFile; fileRef = 6B41D5D51BF6EA4500D9E2D4 /* MainTableViewController.swift */; settings = {ASSET_TAGS = (); }; };
		6B41D5D81BF6F31D00D9E2D4 /* GroceryItemTableViewCell.swift in Sources */ = {isa = PBXBuildFile; fileRef = 6B41D5D71BF6F31D00D9E2D4 /* GroceryItemTableViewCell.swift */; settings = {ASSET_TAGS = (); }; };
		6B41D5DB1BF6F81E00D9E2D4 /* GroceryItem.swift in Sources */ = {isa = PBXBuildFile; fileRef = 6B41D5DA1BF6F81E00D9E2D4 /* GroceryItem.swift */; settings = {ASSET_TAGS = (); }; };
/* End PBXBuildFile section */

/* Begin PBXContainerItemProxy section */
		6B41D5B91BF6E7C200D9E2D4 /* PBXContainerItemProxy */ = {
			isa = PBXContainerItemProxy;
			containerPortal = 6B41D5991BF6E7C200D9E2D4 /* Project object */;
			proxyType = 1;
			remoteGlobalIDString = 6B41D5A01BF6E7C200D9E2D4;
			remoteInfo = GroceryDataImages;
		};
		6B41D5C41BF6E7C200D9E2D4 /* PBXContainerItemProxy */ = {
			isa = PBXContainerItemProxy;
			containerPortal = 6B41D5991BF6E7C200D9E2D4 /* Project object */;
			proxyType = 1;
			remoteGlobalIDString = 6B41D5A01BF6E7C200D9E2D4;
			remoteInfo = GroceryDataImages;
		};
/* End PBXContainerItemProxy section */

/* Begin PBXFileReference section */
		6B41D5A11BF6E7C200D9E2D4 /* GroceryDataImages.app */ = {isa = PBXFileReference; explicitFileType = wrapper.application; includeInIndex = 0; path = GroceryDataImages.app; sourceTree = BUILT_PRODUCTS_DIR; };
		6B41D5A41BF6E7C200D9E2D4 /* AppDelegate.swift */ = {isa = PBXFileReference; lastKnownFileType = sourcecode.swift; path = AppDelegate.swift; sourceTree = "<group>"; };
		6B41D5A91BF6E7C200D9E2D4 /* Base */ = {isa = PBXFileReference; lastKnownFileType = file.storyboard; name = Base; path = Base.lproj/Main.storyboard; sourceTree = "<group>"; };
		6B41D5AC1BF6E7C200D9E2D4 /* GroceryDataImages.xcdatamodel */ = {isa = PBXFileReference; lastKnownFileType = wrapper.xcdatamodel; path = GroceryDataImages.xcdatamodel; sourceTree = "<group>"; };
		6B41D5AE1BF6E7C200D9E2D4 /* Assets.xcassets */ = {isa = PBXFileReference; lastKnownFileType = folder.assetcatalog; path = Assets.xcassets; sourceTree = "<group>"; };
		6B41D5B11BF6E7C200D9E2D4 /* Base */ = {isa = PBXFileReference; lastKnownFileType = file.storyboard; name = Base; path = Base.lproj/LaunchScreen.storyboard; sourceTree = "<group>"; };
		6B41D5B31BF6E7C200D9E2D4 /* Info.plist */ = {isa = PBXFileReference; lastKnownFileType = text.plist.xml; path = Info.plist; sourceTree = "<group>"; };
		6B41D5B81BF6E7C200D9E2D4 /* GroceryDataImagesTests.xctest */ = {isa = PBXFileReference; explicitFileType = wrapper.cfbundle; includeInIndex = 0; path = GroceryDataImagesTests.xctest; sourceTree = BUILT_PRODUCTS_DIR; };
		6B41D5BC1BF6E7C200D9E2D4 /* GroceryDataImagesTests.swift */ = {isa = PBXFileReference; lastKnownFileType = sourcecode.swift; path = GroceryDataImagesTests.swift; sourceTree = "<group>"; };
		6B41D5BE1BF6E7C200D9E2D4 /* Info.plist */ = {isa = PBXFileReference; lastKnownFileType = text.plist.xml; path = Info.plist; sourceTree = "<group>"; };
		6B41D5C31BF6E7C200D9E2D4 /* GroceryDataImagesUITests.xctest */ = {isa = PBXFileReference; explicitFileType = wrapper.cfbundle; includeInIndex = 0; path = GroceryDataImagesUITests.xctest; sourceTree = BUILT_PRODUCTS_DIR; };
		6B41D5C71BF6E7C200D9E2D4 /* GroceryDataImagesUITests.swift */ = {isa = PBXFileReference; lastKnownFileType = sourcecode.swift; path = GroceryDataImagesUITests.swift; sourceTree = "<group>"; };
		6B41D5C91BF6E7C200D9E2D4 /* Info.plist */ = {isa = PBXFileReference; lastKnownFileType = text.plist.xml; path = Info.plist; sourceTree = "<group>"; };
		6B41D5D51BF6EA4500D9E2D4 /* MainTableViewController.swift */ = {isa = PBXFileReference; fileEncoding = 4; lastKnownFileType = sourcecode.swift; path = MainTableViewController.swift; sourceTree = "<group>"; };
		6B41D5D71BF6F31D00D9E2D4 /* GroceryItemTableViewCell.swift */ = {isa = PBXFileReference; fileEncoding = 4; lastKnownFileType = sourcecode.swift; path = GroceryItemTableViewCell.swift; sourceTree = "<group>"; };
		6B41D5DA1BF6F81E00D9E2D4 /* GroceryItem.swift */ = {isa = PBXFileReference; fileEncoding = 4; lastKnownFileType = sourcecode.swift; path = GroceryItem.swift; sourceTree = "<group>"; };
/* End PBXFileReference section */

/* Begin PBXFrameworksBuildPhase section */
		6B41D59E1BF6E7C200D9E2D4 /* Frameworks */ = {
			isa = PBXFrameworksBuildPhase;
			buildActionMask = 2147483647;
			files = (
			);
			runOnlyForDeploymentPostprocessing = 0;
		};
		6B41D5B51BF6E7C200D9E2D4 /* Frameworks */ = {
			isa = PBXFrameworksBuildPhase;
			buildActionMask = 2147483647;
			files = (
			);
			runOnlyForDeploymentPostprocessing = 0;
		};
		6B41D5C01BF6E7C200D9E2D4 /* Frameworks */ = {
			isa = PBXFrameworksBuildPhase;
			buildActionMask = 2147483647;
			files = (
			);
			runOnlyForDeploymentPostprocessing = 0;
		};
/* End PBXFrameworksBuildPhase section */

/* Begin PBXGroup section */
		6B41D5981BF6E7C200D9E2D4 = {
			isa = PBXGroup;
			children = (
				6B41D5A31BF6E7C200D9E2D4 /* GroceryDataImages */,
				6B41D5BB1BF6E7C200D9E2D4 /* GroceryDataImagesTests */,
				6B41D5C61BF6E7C200D9E2D4 /* GroceryDataImagesUITests */,
				6B41D5A21BF6E7C200D9E2D4 /* Products */,
			);
			sourceTree = "<group>";
		};
		6B41D5A21BF6E7C200D9E2D4 /* Products */ = {
			isa = PBXGroup;
			children = (
				6B41D5A11BF6E7C200D9E2D4 /* GroceryDataImages.app */,
				6B41D5B81BF6E7C200D9E2D4 /* GroceryDataImagesTests.xctest */,
				6B41D5C31BF6E7C200D9E2D4 /* GroceryDataImagesUITests.xctest */,
			);
			name = Products;
			sourceTree = "<group>";
		};
		6B41D5A31BF6E7C200D9E2D4 /* GroceryDataImages */ = {
			isa = PBXGroup;
			children = (
				6B41D5D91BF6F80700D9E2D4 /* model */,
				6B41D5A41BF6E7C200D9E2D4 /* AppDelegate.swift */,
				6B41D5A81BF6E7C200D9E2D4 /* Main.storyboard */,
				6B41D5AE1BF6E7C200D9E2D4 /* Assets.xcassets */,
				6B41D5B01BF6E7C200D9E2D4 /* LaunchScreen.storyboard */,
				6B41D5B31BF6E7C200D9E2D4 /* Info.plist */,
				6B41D5AB1BF6E7C200D9E2D4 /* GroceryDataImages.xcdatamodeld */,
				6B41D5D51BF6EA4500D9E2D4 /* MainTableViewController.swift */,
				6B41D5D71BF6F31D00D9E2D4 /* GroceryItemTableViewCell.swift */,
			);
			path = GroceryDataImages;
			sourceTree = "<group>";
		};
		6B41D5BB1BF6E7C200D9E2D4 /* GroceryDataImagesTests */ = {
			isa = PBXGroup;
			children = (
				6B41D5BC1BF6E7C200D9E2D4 /* GroceryDataImagesTests.swift */,
				6B41D5BE1BF6E7C200D9E2D4 /* Info.plist */,
			);
			path = GroceryDataImagesTests;
			sourceTree = "<group>";
		};
		6B41D5C61BF6E7C200D9E2D4 /* GroceryDataImagesUITests */ = {
			isa = PBXGroup;
			children = (
				6B41D5C71BF6E7C200D9E2D4 /* GroceryDataImagesUITests.swift */,
				6B41D5C91BF6E7C200D9E2D4 /* Info.plist */,
			);
			path = GroceryDataImagesUITests;
			sourceTree = "<group>";
		};
		6B41D5D91BF6F80700D9E2D4 /* model */ = {
			isa = PBXGroup;
			children = (
				6B41D5DA1BF6F81E00D9E2D4 /* GroceryItem.swift */,
			);
			name = model;
			sourceTree = "<group>";
		};
/* End PBXGroup section */

/* Begin PBXNativeTarget section */
		6B41D5A01BF6E7C200D9E2D4 /* GroceryDataImages */ = {
			isa = PBXNativeTarget;
			buildConfigurationList = 6B41D5CC1BF6E7C200D9E2D4 /* Build configuration list for PBXNativeTarget "GroceryDataImages" */;
			buildPhases = (
				6B41D59D1BF6E7C200D9E2D4 /* Sources */,
				6B41D59E1BF6E7C200D9E2D4 /* Frameworks */,
				6B41D59F1BF6E7C200D9E2D4 /* Resources */,
			);
			buildRules = (
			);
			dependencies = (
			);
			name = GroceryDataImages;
			productName = GroceryDataImages;
			productReference = 6B41D5A11BF6E7C200D9E2D4 /* GroceryDataImages.app */;
			productType = "com.apple.product-type.application";
		};
		6B41D5B71BF6E7C200D9E2D4 /* GroceryDataImagesTests */ = {
			isa = PBXNativeTarget;
			buildConfigurationList = 6B41D5CF1BF6E7C200D9E2D4 /* Build configuration list for PBXNativeTarget "GroceryDataImagesTests" */;
			buildPhases = (
				6B41D5B41BF6E7C200D9E2D4 /* Sources */,
				6B41D5B51BF6E7C200D9E2D4 /* Frameworks */,
				6B41D5B61BF6E7C200D9E2D4 /* Resources */,
			);
			buildRules = (
			);
			dependencies = (
				6B41D5BA1BF6E7C200D9E2D4 /* PBXTargetDependency */,
			);
			name = GroceryDataImagesTests;
			productName = GroceryDataImagesTests;
			productReference = 6B41D5B81BF6E7C200D9E2D4 /* GroceryDataImagesTests.xctest */;
			productType = "com.apple.product-type.bundle.unit-test";
		};
		6B41D5C21BF6E7C200D9E2D4 /* GroceryDataImagesUITests */ = {
			isa = PBXNativeTarget;
			buildConfigurationList = 6B41D5D21BF6E7C200D9E2D4 /* Build configuration list for PBXNativeTarget "GroceryDataImagesUITests" */;
			buildPhases = (
				6B41D5BF1BF6E7C200D9E2D4 /* Sources */,
				6B41D5C01BF6E7C200D9E2D4 /* Frameworks */,
				6B41D5C11BF6E7C200D9E2D4 /* Resources */,
			);
			buildRules = (
			);
			dependencies = (
				6B41D5C51BF6E7C200D9E2D4 /* PBXTargetDependency */,
			);
			name = GroceryDataImagesUITests;
			productName = GroceryDataImagesUITests;
			productReference = 6B41D5C31BF6E7C200D9E2D4 /* GroceryDataImagesUITests.xctest */;
			productType = "com.apple.product-type.bundle.ui-testing";
		};
/* End PBXNativeTarget section */

/* Begin PBXProject section */
		6B41D5991BF6E7C200D9E2D4 /* Project object */ = {
			isa = PBXProject;
			attributes = {
				LastUpgradeCheck = 0700;
				ORGANIZATIONNAME = io.webplatform.swift;
				TargetAttributes = {
					6B41D5A01BF6E7C200D9E2D4 = {
						CreatedOnToolsVersion = 7.0.1;
					};
					6B41D5B71BF6E7C200D9E2D4 = {
						CreatedOnToolsVersion = 7.0.1;
						TestTargetID = 6B41D5A01BF6E7C200D9E2D4;
					};
					6B41D5C21BF6E7C200D9E2D4 = {
						CreatedOnToolsVersion = 7.0.1;
						TestTargetID = 6B41D5A01BF6E7C200D9E2D4;
					};
				};
			};
			buildConfigurationList = 6B41D59C1BF6E7C200D9E2D4 /* Build configuration list for PBXProject "GroceryDataImages" */;
			compatibilityVersion = "Xcode 3.2";
			developmentRegion = English;
			hasScannedForEncodings = 0;
			knownRegions = (
				en,
				Base,
			);
			mainGroup = 6B41D5981BF6E7C200D9E2D4;
			productRefGroup = 6B41D5A21BF6E7C200D9E2D4 /* Products */;
			projectDirPath = "";
			projectRoot = "";
			targets = (
				6B41D5A01BF6E7C200D9E2D4 /* GroceryDataImages */,
				6B41D5B71BF6E7C200D9E2D4 /* GroceryDataImagesTests */,
				6B41D5C21BF6E7C200D9E2D4 /* GroceryDataImagesUITests */,
			);
		};
/* End PBXProject section */

/* Begin PBXResourcesBuildPhase section */
		6B41D59F1BF6E7C200D9E2D4 /* Resources */ = {
			isa = PBXResourcesBuildPhase;
			buildActionMask = 2147483647;
			files = (
				6B41D5B21BF6E7C200D9E2D4 /* LaunchScreen.storyboard in Resources */,
				6B41D5AF1BF6E7C200D9E2D4 /* Assets.xcassets in Resources */,
				6B41D5AA1BF6E7C200D9E2D4 /* Main.storyboard in Resources */,
			);
			runOnlyForDeploymentPostprocessing = 0;
		};
		6B41D5B61BF6E7C200D9E2D4 /* Resources */ = {
			isa = PBXResourcesBuildPhase;
			buildActionMask = 2147483647;
			files = (
			);
			runOnlyForDeploymentPostprocessing = 0;
		};
		6B41D5C11BF6E7C200D9E2D4 /* Resources */ = {
			isa = PBXResourcesBuildPhase;
			buildActionMask = 2147483647;
			files = (
			);
			runOnlyForDeploymentPostprocessing = 0;
		};
/* End PBXResourcesBuildPhase section */

/* Begin PBXSourcesBuildPhase section */
		6B41D59D1BF6E7C200D9E2D4 /* Sources */ = {
			isa = PBXSourcesBuildPhase;
			buildActionMask = 2147483647;
			files = (
				6B41D5AD1BF6E7C200D9E2D4 /* GroceryDataImages.xcdatamodeld in Sources */,
				6B41D5D61BF6EA4500D9E2D4 /* MainTableViewController.swift in Sources */,
				6B41D5D81BF6F31D00D9E2D4 /* GroceryItemTableViewCell.swift in Sources */,
				6B41D5DB1BF6F81E00D9E2D4 /* GroceryItem.swift in Sources */,
				6B41D5A51BF6E7C200D9E2D4 /* AppDelegate.swift in Sources */,
			);
			runOnlyForDeploymentPostprocessing = 0;
		};
		6B41D5B41BF6E7C200D9E2D4 /* Sources */ = {
			isa = PBXSourcesBuildPhase;
			buildActionMask = 2147483647;
			files = (
				6B41D5BD1BF6E7C200D9E2D4 /* GroceryDataImagesTests.swift in Sources */,
			);
			runOnlyForDeploymentPostprocessing = 0;
		};
		6B41D5BF1BF6E7C200D9E2D4 /* Sources */ = {
			isa = PBXSourcesBuildPhase;
			buildActionMask = 2147483647;
			files = (
				6B41D5C81BF6E7C200D9E2D4 /* GroceryDataImagesUITests.swift in Sources */,
			);
			runOnlyForDeploymentPostprocessing = 0;
		};
/* End PBXSourcesBuildPhase section */

/* Begin PBXTargetDependency section */
		6B41D5BA1BF6E7C200D9E2D4 /* PBXTargetDependency */ = {
			isa = PBXTargetDependency;
			target = 6B41D5A01BF6E7C200D9E2D4 /* GroceryDataImages */;
			targetProxy = 6B41D5B91BF6E7C200D9E2D4 /* PBXContainerItemProxy */;
		};
		6B41D5C51BF6E7C200D9E2D4 /* PBXTargetDependency */ = {
			isa = PBXTargetDependency;
			target = 6B41D5A01BF6E7C200D9E2D4 /* GroceryDataImages */;
			targetProxy = 6B41D5C41BF6E7C200D9E2D4 /* PBXContainerItemProxy */;
		};
/* End PBXTargetDependency section */

/* Begin PBXVariantGroup section */
		6B41D5A81BF6E7C200D9E2D4 /* Main.storyboard */ = {
			isa = PBXVariantGroup;
			children = (
				6B41D5A91BF6E7C200D9E2D4 /* Base */,
			);
			name = Main.storyboard;
			sourceTree = "<group>";
		};
		6B41D5B01BF6E7C200D9E2D4 /* LaunchScreen.storyboard */ = {
			isa = PBXVariantGroup;
			children = (
				6B41D5B11BF6E7C200D9E2D4 /* Base */,
			);
			name = LaunchScreen.storyboard;
			sourceTree = "<group>";
		};
/* End PBXVariantGroup section */

/* Begin XCBuildConfiguration section */
		6B41D5CA1BF6E7C200D9E2D4 /* Debug */ = {
			isa = XCBuildConfiguration;
			buildSettings = {
				ALWAYS_SEARCH_USER_PATHS = NO;
				CLANG_CXX_LANGUAGE_STANDARD = "gnu++0x";
				CLANG_CXX_LIBRARY = "libc++";
				CLANG_ENABLE_MODULES = YES;
				CLANG_ENABLE_OBJC_ARC = YES;
				CLANG_WARN_BOOL_CONVERSION = YES;
				CLANG_WARN_CONSTANT_CONVERSION = YES;
				CLANG_WARN_DIRECT_OBJC_ISA_USAGE = YES_ERROR;
				CLANG_WARN_EMPTY_BODY = YES;
				CLANG_WARN_ENUM_CONVERSION = YES;
				CLANG_WARN_INT_CONVERSION = YES;
				CLANG_WARN_OBJC_ROOT_CLASS = YES_ERROR;
				CLANG_WARN_UNREACHABLE_CODE = YES;
				CLANG_WARN__DUPLICATE_METHOD_MATCH = YES;
				"CODE_SIGN_IDENTITY[sdk=iphoneos*]" = "iPhone Developer";
				COPY_PHASE_STRIP = NO;
				DEBUG_INFORMATION_FORMAT = dwarf;
				ENABLE_STRICT_OBJC_MSGSEND = YES;
				ENABLE_TESTABILITY = YES;
				GCC_C_LANGUAGE_STANDARD = gnu99;
				GCC_DYNAMIC_NO_PIC = NO;
				GCC_NO_COMMON_BLOCKS = YES;
				GCC_OPTIMIZATION_LEVEL = 0;
				GCC_PREPROCESSOR_DEFINITIONS = (
					"DEBUG=1",
					"$(inherited)",
				);
				GCC_WARN_64_TO_32_BIT_CONVERSION = YES;
				GCC_WARN_ABOUT_RETURN_TYPE = YES_ERROR;
				GCC_WARN_UNDECLARED_SELECTOR = YES;
				GCC_WARN_UNINITIALIZED_AUTOS = YES_AGGRESSIVE;
				GCC_WARN_UNUSED_FUNCTION = YES;
				GCC_WARN_UNUSED_VARIABLE = YES;
				IPHONEOS_DEPLOYMENT_TARGET = 9.0;
				MTL_ENABLE_DEBUG_INFO = YES;
				ONLY_ACTIVE_ARCH = YES;
				SDKROOT = iphoneos;
				SWIFT_OPTIMIZATION_LEVEL = "-Onone";
				TARGETED_DEVICE_FAMILY = "1,2";
			};
			name = Debug;
		};
		6B41D5CB1BF6E7C200D9E2D4 /* Release */ = {
			isa = XCBuildConfiguration;
			buildSettings = {
				ALWAYS_SEARCH_USER_PATHS = NO;
				CLANG_CXX_LANGUAGE_STANDARD = "gnu++0x";
				CLANG_CXX_LIBRARY = "libc++";
				CLANG_ENABLE_MODULES = YES;
				CLANG_ENABLE_OBJC_ARC = YES;
				CLANG_WARN_BOOL_CONVERSION = YES;
				CLANG_WARN_CONSTANT_CONVERSION = YES;
				CLANG_WARN_DIRECT_OBJC_ISA_USAGE = YES_ERROR;
				CLANG_WARN_EMPTY_BODY = YES;
				CLANG_WARN_ENUM_CONVERSION = YES;
				CLANG_WARN_INT_CONVERSION = YES;
				CLANG_WARN_OBJC_ROOT_CLASS = YES_ERROR;
				CLANG_WARN_UNREACHABLE_CODE = YES;
				CLANG_WARN__DUPLICATE_METHOD_MATCH = YES;
				"CODE_SIGN_IDENTITY[sdk=iphoneos*]" = "iPhone Developer";
				COPY_PHASE_STRIP = NO;
				DEBUG_INFORMATION_FORMAT = "dwarf-with-dsym";
				ENABLE_NS_ASSERTIONS = NO;
				ENABLE_STRICT_OBJC_MSGSEND = YES;
				GCC_C_LANGUAGE_STANDARD = gnu99;
				GCC_NO_COMMON_BLOCKS = YES;
				GCC_WARN_64_TO_32_BIT_CONVERSION = YES;
				GCC_WARN_ABOUT_RETURN_TYPE = YES_ERROR;
				GCC_WARN_UNDECLARED_SELECTOR = YES;
				GCC_WARN_UNINITIALIZED_AUTOS = YES_AGGRESSIVE;
				GCC_WARN_UNUSED_FUNCTION = YES;
				GCC_WARN_UNUSED_VARIABLE = YES;
				IPHONEOS_DEPLOYMENT_TARGET = 9.0;
				MTL_ENABLE_DEBUG_INFO = NO;
				SDKROOT = iphoneos;
				TARGETED_DEVICE_FAMILY = "1,2";
				VALIDATE_PRODUCT = YES;
			};
			name = Release;
		};
		6B41D5CD1BF6E7C200D9E2D4 /* Debug */ = {
			isa = XCBuildConfiguration;
			buildSettings = {
				ASSETCATALOG_COMPILER_APPICON_NAME = AppIcon;
				INFOPLIST_FILE = GroceryDataImages/Info.plist;
				LD_RUNPATH_SEARCH_PATHS = "$(inherited) @executable_path/Frameworks";
				PRODUCT_BUNDLE_IDENTIFIER = io.webplatform.swift.GroceryDataImages;
				PRODUCT_NAME = "$(TARGET_NAME)";
			};
			name = Debug;
		};
		6B41D5CE1BF6E7C200D9E2D4 /* Release */ = {
			isa = XCBuildConfiguration;
			buildSettings = {
				ASSETCATALOG_COMPILER_APPICON_NAME = AppIcon;
				INFOPLIST_FILE = GroceryDataImages/Info.plist;
				LD_RUNPATH_SEARCH_PATHS = "$(inherited) @executable_path/Frameworks";
				PRODUCT_BUNDLE_IDENTIFIER = io.webplatform.swift.GroceryDataImages;
				PRODUCT_NAME = "$(TARGET_NAME)";
			};
			name = Release;
		};
		6B41D5D01BF6E7C200D9E2D4 /* Debug */ = {
			isa = XCBuildConfiguration;
			buildSettings = {
				BUNDLE_LOADER = "$(TEST_HOST)";
				INFOPLIST_FILE = GroceryDataImagesTests/Info.plist;
				LD_RUNPATH_SEARCH_PATHS = "$(inherited) @executable_path/Frameworks @loader_path/Frameworks";
				PRODUCT_BUNDLE_IDENTIFIER = io.webplatform.swift.GroceryDataImagesTests;
				PRODUCT_NAME = "$(TARGET_NAME)";
				TEST_HOST = "$(BUILT_PRODUCTS_DIR)/GroceryDataImages.app/GroceryDataImages";
			};
			name = Debug;
		};
		6B41D5D11BF6E7C200D9E2D4 /* Release */ = {
			isa = XCBuildConfiguration;
			buildSettings = {
				BUNDLE_LOADER = "$(TEST_HOST)";
				INFOPLIST_FILE = GroceryDataImagesTests/Info.plist;
				LD_RUNPATH_SEARCH_PATHS = "$(inherited) @executable_path/Frameworks @loader_path/Frameworks";
				PRODUCT_BUNDLE_IDENTIFIER = io.webplatform.swift.GroceryDataImagesTests;
				PRODUCT_NAME = "$(TARGET_NAME)";
				TEST_HOST = "$(BUILT_PRODUCTS_DIR)/GroceryDataImages.app/GroceryDataImages";
			};
			name = Release;
		};
		6B41D5D31BF6E7C200D9E2D4 /* Debug */ = {
			isa = XCBuildConfiguration;
			buildSettings = {
				INFOPLIST_FILE = GroceryDataImagesUITests/Info.plist;
				LD_RUNPATH_SEARCH_PATHS = "$(inherited) @executable_path/Frameworks @loader_path/Frameworks";
				PRODUCT_BUNDLE_IDENTIFIER = io.webplatform.swift.GroceryDataImagesUITests;
				PRODUCT_NAME = "$(TARGET_NAME)";
				TEST_TARGET_NAME = GroceryDataImages;
				USES_XCTRUNNER = YES;
			};
			name = Debug;
		};
		6B41D5D41BF6E7C200D9E2D4 /* Release */ = {
			isa = XCBuildConfiguration;
			buildSettings = {
				INFOPLIST_FILE = GroceryDataImagesUITests/Info.plist;
				LD_RUNPATH_SEARCH_PATHS = "$(inherited) @executable_path/Frameworks @loader_path/Frameworks";
				PRODUCT_BUNDLE_IDENTIFIER = io.webplatform.swift.GroceryDataImagesUITests;
				PRODUCT_NAME = "$(TARGET_NAME)";
				TEST_TARGET_NAME = GroceryDataImages;
				USES_XCTRUNNER = YES;
			};
			name = Release;
		};
/* End XCBuildConfiguration section */

/* Begin XCConfigurationList section */
		6B41D59C1BF6E7C200D9E2D4 /* Build configuration list for PBXProject "GroceryDataImages" */ = {
			isa = XCConfigurationList;
			buildConfigurations = (
				6B41D5CA1BF6E7C200D9E2D4 /* Debug */,
				6B41D5CB1BF6E7C200D9E2D4 /* Release */,
			);
			defaultConfigurationIsVisible = 0;
			defaultConfigurationName = Release;
		};
		6B41D5CC1BF6E7C200D9E2D4 /* Build configuration list for PBXNativeTarget "GroceryDataImages" */ = {
			isa = XCConfigurationList;
			buildConfigurations = (
				6B41D5CD1BF6E7C200D9E2D4 /* Debug */,
				6B41D5CE1BF6E7C200D9E2D4 /* Release */,
			);
			defaultConfigurationIsVisible = 0;
		};
		6B41D5CF1BF6E7C200D9E2D4 /* Build configuration list for PBXNativeTarget "GroceryDataImagesTests" */ = {
			isa = XCConfigurationList;
			buildConfigurations = (
				6B41D5D01BF6E7C200D9E2D4 /* Debug */,
				6B41D5D11BF6E7C200D9E2D4 /* Release */,
			);
			defaultConfigurationIsVisible = 0;
		};
		6B41D5D21BF6E7C200D9E2D4 /* Build configuration list for PBXNativeTarget "GroceryDataImagesUITests" */ = {
			isa = XCConfigurationList;
			buildConfigurations = (
				6B41D5D31BF6E7C200D9E2D4 /* Debug */,
				6B41D5D41BF6E7C200D9E2D4 /* Release */,
			);
			defaultConfigurationIsVisible = 0;
		};
/* End XCConfigurationList section */

/* Begin XCVersionGroup section */
		6B41D5AB1BF6E7C200D9E2D4 /* GroceryDataImages.xcdatamodeld */ = {
			isa = XCVersionGroup;
			children = (
				6B41D5AC1BF6E7C200D9E2D4 /* GroceryDataImages.xcdatamodel */,
			);
			currentVersion = 6B41D5AC1BF6E7C200D9E2D4 /* GroceryDataImages.xcdatamodel */;
			path = GroceryDataImages.xcdatamodeld;
			sourceTree = "<group>";
			versionGroupType = wrapper.xcdatamodel;
		};
/* End XCVersionGroup section */
	};
	rootObject = 6B41D5991BF6E7C200D9E2D4 /* Project object */;
}
