// !$*UTF8*$!
{
	archiveVersion = 1;
	classes = {
	};
	objectVersion = 46;
	objects = {

/* Begin PBXBuildFile section */
		598F2FD71B0BBCFC0098E56B /* MHEURLProtocol.swift in Sources */ = {isa = PBXBuildFile; fileRef = 598F2FD61B0BBCFC0098E56B /* MHEURLProtocol.swift */; };
		59A3F7321AFA89B700F56F35 /* AppDelegate.swift in Sources */ = {isa = PBXBuildFile; fileRef = 59A3F7311AFA89B700F56F35 /* AppDelegate.swift */; };
		59A3F7351AFA89B700F56F35 /* iFrameUrlDetection.xcdatamodeld in Sources */ = {isa = PBXBuildFile; fileRef = 59A3F7331AFA89B700F56F35 /* iFrameUrlDetection.xcdatamodeld */; };
		59A3F7371AFA89B700F56F35 /* ViewController.swift in Sources */ = {isa = PBXBuildFile; fileRef = 59A3F7361AFA89B700F56F35 /* ViewController.swift */; };
		59A3F73A1AFA89B700F56F35 /* Main.storyboard in Resources */ = {isa = PBXBuildFile; fileRef = 59A3F7381AFA89B700F56F35 /* Main.storyboard */; };
		59A3F73C1AFA89B700F56F35 /* Images.xcassets in Resources */ = {isa = PBXBuildFile; fileRef = 59A3F73B1AFA89B700F56F35 /* Images.xcassets */; };
		59A3F73F1AFA89B700F56F35 /* LaunchScreen.xib in Resources */ = {isa = PBXBuildFile; fileRef = 59A3F73D1AFA89B700F56F35 /* LaunchScreen.xib */; };
		59A3F74B1AFA89B800F56F35 /* iFrameUrlDetectionTests.swift in Sources */ = {isa = PBXBuildFile; fileRef = 59A3F74A1AFA89B800F56F35 /* iFrameUrlDetectionTests.swift */; };
		59A3F75C1AFA962000F56F35 /* B-connect.html in Resources */ = {isa = PBXBuildFile; fileRef = 59A3F7581AFA962000F56F35 /* B-connect.html */; };
		59A3F75D1AFA962000F56F35 /* A-container.html in Resources */ = {isa = PBXBuildFile; fileRef = 59A3F7591AFA962000F56F35 /* A-container.html */; };
		59A3F75E1AFA962000F56F35 /* C-eztest.html in Resources */ = {isa = PBXBuildFile; fileRef = 59A3F75A1AFA962000F56F35 /* C-eztest.html */; };
/* End PBXBuildFile section */

/* Begin PBXContainerItemProxy section */
		59A3F7451AFA89B800F56F35 /* PBXContainerItemProxy */ = {
			isa = PBXContainerItemProxy;
			containerPortal = 59A3F7241AFA89B700F56F35 /* Project object */;
			proxyType = 1;
			remoteGlobalIDString = 59A3F72B1AFA89B700F56F35;
			remoteInfo = iFrameUrlDetection;
		};
/* End PBXContainerItemProxy section */

/* Begin PBXFileReference section */
		598F2FD61B0BBCFC0098E56B /* MHEURLProtocol.swift */ = {isa = PBXFileReference; fileEncoding = 4; lastKnownFileType = sourcecode.swift; path = MHEURLProtocol.swift; sourceTree = "<group>"; };
		59A3F72C1AFA89B700F56F35 /* iFrameUrlDetection.app */ = {isa = PBXFileReference; explicitFileType = wrapper.application; includeInIndex = 0; path = iFrameUrlDetection.app; sourceTree = BUILT_PRODUCTS_DIR; };
		59A3F7301AFA89B700F56F35 /* Info.plist */ = {isa = PBXFileReference; lastKnownFileType = text.plist.xml; path = Info.plist; sourceTree = "<group>"; };
		59A3F7311AFA89B700F56F35 /* AppDelegate.swift */ = {isa = PBXFileReference; lastKnownFileType = sourcecode.swift; path = AppDelegate.swift; sourceTree = "<group>"; };
		59A3F7341AFA89B700F56F35 /* iFrameUrlDetection.xcdatamodel */ = {isa = PBXFileReference; lastKnownFileType = wrapper.xcdatamodel; path = iFrameUrlDetection.xcdatamodel; sourceTree = "<group>"; };
		59A3F7361AFA89B700F56F35 /* ViewController.swift */ = {isa = PBXFileReference; lastKnownFileType = sourcecode.swift; path = ViewController.swift; sourceTree = "<group>"; };
		59A3F7391AFA89B700F56F35 /* Base */ = {isa = PBXFileReference; lastKnownFileType = file.storyboard; name = Base; path = Base.lproj/Main.storyboard; sourceTree = "<group>"; };
		59A3F73B1AFA89B700F56F35 /* Images.xcassets */ = {isa = PBXFileReference; lastKnownFileType = folder.assetcatalog; path = Images.xcassets; sourceTree = "<group>"; };
		59A3F73E1AFA89B700F56F35 /* Base */ = {isa = PBXFileReference; lastKnownFileType = file.xib; name = Base; path = Base.lproj/LaunchScreen.xib; sourceTree = "<group>"; };
		59A3F7441AFA89B800F56F35 /* iFrameUrlDetectionTests.xctest */ = {isa = PBXFileReference; explicitFileType = wrapper.cfbundle; includeInIndex = 0; path = iFrameUrlDetectionTests.xctest; sourceTree = BUILT_PRODUCTS_DIR; };
		59A3F7491AFA89B800F56F35 /* Info.plist */ = {isa = PBXFileReference; lastKnownFileType = text.plist.xml; path = Info.plist; sourceTree = "<group>"; };
		59A3F74A1AFA89B800F56F35 /* iFrameUrlDetectionTests.swift */ = {isa = PBXFileReference; lastKnownFileType = sourcecode.swift; path = iFrameUrlDetectionTests.swift; sourceTree = "<group>"; };
		59A3F7581AFA962000F56F35 /* B-connect.html */ = {isa = PBXFileReference; fileEncoding = 4; lastKnownFileType = text.html; path = "B-connect.html"; sourceTree = "<group>"; };
		59A3F7591AFA962000F56F35 /* A-container.html */ = {isa = PBXFileReference; fileEncoding = 4; lastKnownFileType = text.html; path = "A-container.html"; sourceTree = "<group>"; };
		59A3F75A1AFA962000F56F35 /* C-eztest.html */ = {isa = PBXFileReference; fileEncoding = 4; lastKnownFileType = text.html; path = "C-eztest.html"; sourceTree = "<group>"; };
/* End PBXFileReference section */

/* Begin PBXFrameworksBuildPhase section */
		59A3F7291AFA89B700F56F35 /* Frameworks */ = {
			isa = PBXFrameworksBuildPhase;
			buildActionMask = 2147483647;
			files = (
			);
			runOnlyForDeploymentPostprocessing = 0;
		};
		59A3F7411AFA89B800F56F35 /* Frameworks */ = {
			isa = PBXFrameworksBuildPhase;
			buildActionMask = 2147483647;
			files = (
			);
			runOnlyForDeploymentPostprocessing = 0;
		};
/* End PBXFrameworksBuildPhase section */

/* Begin PBXGroup section */
		59A3F7231AFA89B700F56F35 = {
			isa = PBXGroup;
			children = (
				59A3F72E1AFA89B700F56F35 /* iFrameUrlDetection */,
				59A3F7471AFA89B800F56F35 /* iFrameUrlDetectionTests */,
				59A3F72D1AFA89B700F56F35 /* Products */,
			);
			sourceTree = "<group>";
		};
		59A3F72D1AFA89B700F56F35 /* Products */ = {
			isa = PBXGroup;
			children = (
				59A3F72C1AFA89B700F56F35 /* iFrameUrlDetection.app */,
				59A3F7441AFA89B800F56F35 /* iFrameUrlDetectionTests.xctest */,
			);
			name = Products;
			sourceTree = "<group>";
		};
		59A3F72E1AFA89B700F56F35 /* iFrameUrlDetection */ = {
			isa = PBXGroup;
			children = (
				598F2FD61B0BBCFC0098E56B /* MHEURLProtocol.swift */,
				59A3F7311AFA89B700F56F35 /* AppDelegate.swift */,
				59A3F7361AFA89B700F56F35 /* ViewController.swift */,
				59A3F7381AFA89B700F56F35 /* Main.storyboard */,
				59A3F73B1AFA89B700F56F35 /* Images.xcassets */,
				59A3F73D1AFA89B700F56F35 /* LaunchScreen.xib */,
				59A3F7331AFA89B700F56F35 /* iFrameUrlDetection.xcdatamodeld */,
				59A3F72F1AFA89B700F56F35 /* Supporting Files */,
			);
			path = iFrameUrlDetection;
			sourceTree = "<group>";
		};
		59A3F72F1AFA89B700F56F35 /* Supporting Files */ = {
			isa = PBXGroup;
			children = (
				59A3F7571AFA8CBD00F56F35 /* webassets */,
				59A3F7301AFA89B700F56F35 /* Info.plist */,
			);
			name = "Supporting Files";
			sourceTree = "<group>";
		};
		59A3F7471AFA89B800F56F35 /* iFrameUrlDetectionTests */ = {
			isa = PBXGroup;
			children = (
				59A3F74A1AFA89B800F56F35 /* iFrameUrlDetectionTests.swift */,
				59A3F7481AFA89B800F56F35 /* Supporting Files */,
			);
			path = iFrameUrlDetectionTests;
			sourceTree = "<group>";
		};
		59A3F7481AFA89B800F56F35 /* Supporting Files */ = {
			isa = PBXGroup;
			children = (
				59A3F7491AFA89B800F56F35 /* Info.plist */,
			);
			name = "Supporting Files";
			sourceTree = "<group>";
		};
		59A3F7571AFA8CBD00F56F35 /* webassets */ = {
			isa = PBXGroup;
			children = (
				59A3F7581AFA962000F56F35 /* B-connect.html */,
				59A3F7591AFA962000F56F35 /* A-container.html */,
				59A3F75A1AFA962000F56F35 /* C-eztest.html */,
			);
			name = webassets;
			sourceTree = "<group>";
		};
/* End PBXGroup section */

/* Begin PBXNativeTarget section */
		59A3F72B1AFA89B700F56F35 /* iFrameUrlDetection */ = {
			isa = PBXNativeTarget;
			buildConfigurationList = 59A3F74E1AFA89B800F56F35 /* Build configuration list for PBXNativeTarget "iFrameUrlDetection" */;
			buildPhases = (
				59A3F7281AFA89B700F56F35 /* Sources */,
				59A3F7291AFA89B700F56F35 /* Frameworks */,
				59A3F72A1AFA89B700F56F35 /* Resources */,
			);
			buildRules = (
			);
			dependencies = (
			);
			name = iFrameUrlDetection;
			productName = iFrameUrlDetection;
			productReference = 59A3F72C1AFA89B700F56F35 /* iFrameUrlDetection.app */;
			productType = "com.apple.product-type.application";
		};
		59A3F7431AFA89B800F56F35 /* iFrameUrlDetectionTests */ = {
			isa = PBXNativeTarget;
			buildConfigurationList = 59A3F7511AFA89B800F56F35 /* Build configuration list for PBXNativeTarget "iFrameUrlDetectionTests" */;
			buildPhases = (
				59A3F7401AFA89B800F56F35 /* Sources */,
				59A3F7411AFA89B800F56F35 /* Frameworks */,
				59A3F7421AFA89B800F56F35 /* Resources */,
			);
			buildRules = (
			);
			dependencies = (
				59A3F7461AFA89B800F56F35 /* PBXTargetDependency */,
			);
			name = iFrameUrlDetectionTests;
			productName = iFrameUrlDetectionTests;
			productReference = 59A3F7441AFA89B800F56F35 /* iFrameUrlDetectionTests.xctest */;
			productType = "com.apple.product-type.bundle.unit-test";
		};
/* End PBXNativeTarget section */

/* Begin PBXProject section */
		59A3F7241AFA89B700F56F35 /* Project object */ = {
			isa = PBXProject;
			attributes = {
				LastSwiftMigration = 0700;
				LastSwiftUpdateCheck = 0700;
				LastUpgradeCheck = 0620;
				ORGANIZATIONNAME = "Natili, Giorgio";
				TargetAttributes = {
					59A3F72B1AFA89B700F56F35 = {
						CreatedOnToolsVersion = 6.2;
					};
					59A3F7431AFA89B800F56F35 = {
						CreatedOnToolsVersion = 6.2;
						TestTargetID = 59A3F72B1AFA89B700F56F35;
					};
				};
			};
			buildConfigurationList = 59A3F7271AFA89B700F56F35 /* Build configuration list for PBXProject "iFrameUrlDetection" */;
			compatibilityVersion = "Xcode 3.2";
			developmentRegion = English;
			hasScannedForEncodings = 0;
			knownRegions = (
				en,
				Base,
			);
			mainGroup = 59A3F7231AFA89B700F56F35;
			productRefGroup = 59A3F72D1AFA89B700F56F35 /* Products */;
			projectDirPath = "";
			projectRoot = "";
			targets = (
				59A3F72B1AFA89B700F56F35 /* iFrameUrlDetection */,
				59A3F7431AFA89B800F56F35 /* iFrameUrlDetectionTests */,
			);
		};
/* End PBXProject section */

/* Begin PBXResourcesBuildPhase section */
		59A3F72A1AFA89B700F56F35 /* Resources */ = {
			isa = PBXResourcesBuildPhase;
			buildActionMask = 2147483647;
			files = (
				59A3F73A1AFA89B700F56F35 /* Main.storyboard in Resources */,
				59A3F75D1AFA962000F56F35 /* A-container.html in Resources */,
				59A3F75C1AFA962000F56F35 /* B-connect.html in Resources */,
				59A3F75E1AFA962000F56F35 /* C-eztest.html in Resources */,
				59A3F73F1AFA89B700F56F35 /* LaunchScreen.xib in Resources */,
				59A3F73C1AFA89B700F56F35 /* Images.xcassets in Resources */,
			);
			runOnlyForDeploymentPostprocessing = 0;
		};
		59A3F7421AFA89B800F56F35 /* Resources */ = {
			isa = PBXResourcesBuildPhase;
			buildActionMask = 2147483647;
			files = (
			);
			runOnlyForDeploymentPostprocessing = 0;
		};
/* End PBXResourcesBuildPhase section */

/* Begin PBXSourcesBuildPhase section */
		59A3F7281AFA89B700F56F35 /* Sources */ = {
			isa = PBXSourcesBuildPhase;
			buildActionMask = 2147483647;
			files = (
				59A3F7371AFA89B700F56F35 /* ViewController.swift in Sources */,
				598F2FD71B0BBCFC0098E56B /* MHEURLProtocol.swift in Sources */,
				59A3F7321AFA89B700F56F35 /* AppDelegate.swift in Sources */,
				59A3F7351AFA89B700F56F35 /* iFrameUrlDetection.xcdatamodeld in Sources */,
			);
			runOnlyForDeploymentPostprocessing = 0;
		};
		59A3F7401AFA89B800F56F35 /* Sources */ = {
			isa = PBXSourcesBuildPhase;
			buildActionMask = 2147483647;
			files = (
				59A3F74B1AFA89B800F56F35 /* iFrameUrlDetectionTests.swift in Sources */,
			);
			runOnlyForDeploymentPostprocessing = 0;
		};
/* End PBXSourcesBuildPhase section */

/* Begin PBXTargetDependency section */
		59A3F7461AFA89B800F56F35 /* PBXTargetDependency */ = {
			isa = PBXTargetDependency;
			target = 59A3F72B1AFA89B700F56F35 /* iFrameUrlDetection */;
			targetProxy = 59A3F7451AFA89B800F56F35 /* PBXContainerItemProxy */;
		};
/* End PBXTargetDependency section */

/* Begin PBXVariantGroup section */
		59A3F7381AFA89B700F56F35 /* Main.storyboard */ = {
			isa = PBXVariantGroup;
			children = (
				59A3F7391AFA89B700F56F35 /* Base */,
			);
			name = Main.storyboard;
			sourceTree = "<group>";
		};
		59A3F73D1AFA89B700F56F35 /* LaunchScreen.xib */ = {
			isa = PBXVariantGroup;
			children = (
				59A3F73E1AFA89B700F56F35 /* Base */,
			);
			name = LaunchScreen.xib;
			sourceTree = "<group>";
		};
/* End PBXVariantGroup section */

/* Begin XCBuildConfiguration section */
		59A3F74C1AFA89B800F56F35 /* Debug */ = {
			isa = XCBuildConfiguration;
			buildSettings = {
				ALWAYS_SEARCH_USER_PATHS = NO;
				CLANG_CXX_LANGUAGE_STANDARD = "gnu++0x";
				CLANG_CXX_LIBRARY = "libc++";
				CLANG_ENABLE_MODULES = YES;
				CLANG_ENABLE_OBJC_ARC = YES;
				CLANG_WARN_BOOL_CONVERSION = YES;
				CLANG_WARN_CONSTANT_CONVERSION = YES;
				CLANG_WARN_DIRECT_OBJC_ISA_USAGE = YES_ERROR;
				CLANG_WARN_EMPTY_BODY = YES;
				CLANG_WARN_ENUM_CONVERSION = YES;
				CLANG_WARN_INT_CONVERSION = YES;
				CLANG_WARN_OBJC_ROOT_CLASS = YES_ERROR;
				CLANG_WARN_UNREACHABLE_CODE = YES;
				CLANG_WARN__DUPLICATE_METHOD_MATCH = YES;
				"CODE_SIGN_IDENTITY[sdk=iphoneos*]" = "iPhone Developer";
				COPY_PHASE_STRIP = NO;
				ENABLE_STRICT_OBJC_MSGSEND = YES;
				GCC_C_LANGUAGE_STANDARD = gnu99;
				GCC_DYNAMIC_NO_PIC = NO;
				GCC_OPTIMIZATION_LEVEL = 0;
				GCC_PREPROCESSOR_DEFINITIONS = (
					"DEBUG=1",
					"$(inherited)",
				);
				GCC_SYMBOLS_PRIVATE_EXTERN = NO;
				GCC_WARN_64_TO_32_BIT_CONVERSION = YES;
				GCC_WARN_ABOUT_RETURN_TYPE = YES_ERROR;
				GCC_WARN_UNDECLARED_SELECTOR = YES;
				GCC_WARN_UNINITIALIZED_AUTOS = YES_AGGRESSIVE;
				GCC_WARN_UNUSED_FUNCTION = YES;
				GCC_WARN_UNUSED_VARIABLE = YES;
				IPHONEOS_DEPLOYMENT_TARGET = 8.2;
				MTL_ENABLE_DEBUG_INFO = YES;
				ONLY_ACTIVE_ARCH = YES;
				SDKROOT = iphoneos;
				SWIFT_OPTIMIZATION_LEVEL = "-Onone";
				TARGETED_DEVICE_FAMILY = "1,2";
			};
			name = Debug;
		};
		59A3F74D1AFA89B800F56F35 /* Release */ = {
			isa = XCBuildConfiguration;
			buildSettings = {
				ALWAYS_SEARCH_USER_PATHS = NO;
				CLANG_CXX_LANGUAGE_STANDARD = "gnu++0x";
				CLANG_CXX_LIBRARY = "libc++";
				CLANG_ENABLE_MODULES = YES;
				CLANG_ENABLE_OBJC_ARC = YES;
				CLANG_WARN_BOOL_CONVERSION = YES;
				CLANG_WARN_CONSTANT_CONVERSION = YES;
				CLANG_WARN_DIRECT_OBJC_ISA_USAGE = YES_ERROR;
				CLANG_WARN_EMPTY_BODY = YES;
				CLANG_WARN_ENUM_CONVERSION = YES;
				CLANG_WARN_INT_CONVERSION = YES;
				CLANG_WARN_OBJC_ROOT_CLASS = YES_ERROR;
				CLANG_WARN_UNREACHABLE_CODE = YES;
				CLANG_WARN__DUPLICATE_METHOD_MATCH = YES;
				"CODE_SIGN_IDENTITY[sdk=iphoneos*]" = "iPhone Developer";
				COPY_PHASE_STRIP = NO;
				ENABLE_NS_ASSERTIONS = NO;
				ENABLE_STRICT_OBJC_MSGSEND = YES;
				GCC_C_LANGUAGE_STANDARD = gnu99;
				GCC_WARN_64_TO_32_BIT_CONVERSION = YES;
				GCC_WARN_ABOUT_RETURN_TYPE = YES_ERROR;
				GCC_WARN_UNDECLARED_SELECTOR = YES;
				GCC_WARN_UNINITIALIZED_AUTOS = YES_AGGRESSIVE;
				GCC_WARN_UNUSED_FUNCTION = YES;
				GCC_WARN_UNUSED_VARIABLE = YES;
				IPHONEOS_DEPLOYMENT_TARGET = 8.2;
				MTL_ENABLE_DEBUG_INFO = NO;
				SDKROOT = iphoneos;
				TARGETED_DEVICE_FAMILY = "1,2";
				VALIDATE_PRODUCT = YES;
			};
			name = Release;
		};
		59A3F74F1AFA89B800F56F35 /* Debug */ = {
			isa = XCBuildConfiguration;
			buildSettings = {
				ASSETCATALOG_COMPILER_APPICON_NAME = AppIcon;
				INFOPLIST_FILE = iFrameUrlDetection/Info.plist;
				LD_RUNPATH_SEARCH_PATHS = "$(inherited) @executable_path/Frameworks";
				PRODUCT_NAME = "$(TARGET_NAME)";
			};
			name = Debug;
		};
		59A3F7501AFA89B800F56F35 /* Release */ = {
			isa = XCBuildConfiguration;
			buildSettings = {
				ASSETCATALOG_COMPILER_APPICON_NAME = AppIcon;
				INFOPLIST_FILE = iFrameUrlDetection/Info.plist;
				LD_RUNPATH_SEARCH_PATHS = "$(inherited) @executable_path/Frameworks";
				PRODUCT_NAME = "$(TARGET_NAME)";
			};
			name = Release;
		};
		59A3F7521AFA89B800F56F35 /* Debug */ = {
			isa = XCBuildConfiguration;
			buildSettings = {
				BUNDLE_LOADER = "$(TEST_HOST)";
				FRAMEWORK_SEARCH_PATHS = (
					"$(SDKROOT)/Developer/Library/Frameworks",
					"$(inherited)",
				);
				GCC_PREPROCESSOR_DEFINITIONS = (
					"DEBUG=1",
					"$(inherited)",
				);
				INFOPLIST_FILE = iFrameUrlDetectionTests/Info.plist;
				LD_RUNPATH_SEARCH_PATHS = "$(inherited) @executable_path/Frameworks @loader_path/Frameworks";
				PRODUCT_NAME = "$(TARGET_NAME)";
				TEST_HOST = "$(BUILT_PRODUCTS_DIR)/iFrameUrlDetection.app/iFrameUrlDetection";
			};
			name = Debug;
		};
		59A3F7531AFA89B800F56F35 /* Release */ = {
			isa = XCBuildConfiguration;
			buildSettings = {
				BUNDLE_LOADER = "$(TEST_HOST)";
				FRAMEWORK_SEARCH_PATHS = (
					"$(SDKROOT)/Developer/Library/Frameworks",
					"$(inherited)",
				);
				INFOPLIST_FILE = iFrameUrlDetectionTests/Info.plist;
				LD_RUNPATH_SEARCH_PATHS = "$(inherited) @executable_path/Frameworks @loader_path/Frameworks";
				PRODUCT_NAME = "$(TARGET_NAME)";
				TEST_HOST = "$(BUILT_PRODUCTS_DIR)/iFrameUrlDetection.app/iFrameUrlDetection";
			};
			name = Release;
		};
/* End XCBuildConfiguration section */

/* Begin XCConfigurationList section */
		59A3F7271AFA89B700F56F35 /* Build configuration list for PBXProject "iFrameUrlDetection" */ = {
			isa = XCConfigurationList;
			buildConfigurations = (
				59A3F74C1AFA89B800F56F35 /* Debug */,
				59A3F74D1AFA89B800F56F35 /* Release */,
			);
			defaultConfigurationIsVisible = 0;
			defaultConfigurationName = Release;
		};
		59A3F74E1AFA89B800F56F35 /* Build configuration list for PBXNativeTarget "iFrameUrlDetection" */ = {
			isa = XCConfigurationList;
			buildConfigurations = (
				59A3F74F1AFA89B800F56F35 /* Debug */,
				59A3F7501AFA89B800F56F35 /* Release */,
			);
			defaultConfigurationIsVisible = 0;
			defaultConfigurationName = Release;
		};
		59A3F7511AFA89B800F56F35 /* Build configuration list for PBXNativeTarget "iFrameUrlDetectionTests" */ = {
			isa = XCConfigurationList;
			buildConfigurations = (
				59A3F7521AFA89B800F56F35 /* Debug */,
				59A3F7531AFA89B800F56F35 /* Release */,
			);
			defaultConfigurationIsVisible = 0;
			defaultConfigurationName = Release;
		};
/* End XCConfigurationList section */

/* Begin XCVersionGroup section */
		59A3F7331AFA89B700F56F35 /* iFrameUrlDetection.xcdatamodeld */ = {
			isa = XCVersionGroup;
			children = (
				59A3F7341AFA89B700F56F35 /* iFrameUrlDetection.xcdatamodel */,
			);
			currentVersion = 59A3F7341AFA89B700F56F35 /* iFrameUrlDetection.xcdatamodel */;
			path = iFrameUrlDetection.xcdatamodeld;
			sourceTree = "<group>";
			versionGroupType = wrapper.xcdatamodel;
		};
/* End XCVersionGroup section */
	};
	rootObject = 59A3F7241AFA89B700F56F35 /* Project object */;
}
